{
    "_readme": [
        "This file locks the dependencies of your project to a known state",
        "Read more about it at https://getcomposer.org/doc/01-basic-usage.md#composer-lock-the-lock-file",
        "This file is @generated automatically"
    ],
    "hash": "cd59a5c2720fae4402657ee05b92f355",
    "content-hash": "2d64b2b738ed5a9d47d9fb3f2139c63b",
    "packages": [
        {
            "name": "minicodemonkey/amazon-alexa-php",
            "version": "0.1.5",
            "source": {
                "type": "git",
                "url": "https://github.com/MiniCodeMonkey/amazon-alexa-php.git",
                "reference": "006a1e1e775d8429574cde1a093a8b9a4da6a960"
            },
            "dist": {
                "type": "zip",
                "url": "https://api.github.com/repos/MiniCodeMonkey/amazon-alexa-php/zipball/006a1e1e775d8429574cde1a093a8b9a4da6a960",
                "reference": "006a1e1e775d8429574cde1a093a8b9a4da6a960",
                "shasum": ""
            },
            "require": {
                "php": ">=5.4.0"
            },
            "require-dev": {
                "phpunit/phpunit": "~4.6"
            },
            "type": "library",
            "autoload": {
                "psr-4": {
                    "Alexa\\": "src/"
                }
            },
            "notification-url": "https://packagist.org/downloads/",
            "license": [
                "MIT"
            ],
            "authors": [
                {
                    "name": "Mathias Hansen",
                    "email": "me@codemonkey.io"
                }
            ],
            "description": "Amazon Alexa interface for PHP",
            "time": "2015-11-29 21:50:59"
        }
    ],
    "packages-dev": [],
    "aliases": [],
    "minimum-stability": "stable",
    "stability-flags": [],
    "prefer-stable": false,
    "prefer-lowest": false,
    "platform": [],
    "platform-dev": []
}
